PODS:
  - BVLinearGradient (1.6.2):
    - React
  - React (0.40.0):
    - React/Core (= 0.40.0)
  - react-native-maps (0.11.0):
    - React
  - react-native-video (0.9.0):
    - React
  - React/Core (0.40.0):
    - React/cxxreact
    - React/yoga
  - React/cxxreact (0.40.0):
    - React/jschelpers
  - React/jschelpers (0.40.0)
  - React/RCTActionSheet (0.40.0):
    - React/Core
  - React/RCTAnimation (0.40.0):
    - React/Core
  - React/RCTGeolocation (0.40.0):
    - React/Core
  - React/RCTImage (0.40.0):
    - React/Core
    - React/RCTNetwork
  - React/RCTLinkingIOS (0.40.0):
    - React/Core
  - React/RCTNetwork (0.40.0):
    - React/Core
  - React/RCTPushNotification (0.40.0):
    - React/Core
  - React/RCTSettings (0.40.0):
    - React/Core
  - React/RCTText (0.40.0):
    - React/Core
  - React/RCTVibration (0.40.0):
    - React/Core
  - React/RCTWebSocket (0.40.0):
    - React/Core
  - React/yoga (0.40.0)
  - RNGL (2.40.0)
  - RNVectorIcons (2.1.0):
    - React

DEPENDENCIES:
  - BVLinearGradient (from `../node_modules/react-native-linear-gradient`)
  - react-native-maps (from `../node_modules/react-native-maps`)
  - react-native-video (from `../node_modules/react-native-video`)
  - React/Core (from `../node_modules/react-native`)
  - React/RCTActionSheet (from `../node_modules/react-native`)
  - React/RCTAnimation (from `../node_modules/react-native`)
  - React/RCTGeolocation (from `../node_modules/react-native`)
  - React/RCTImage (from `../node_modules/react-native`)
  - React/RCTLinkingIOS (from `../node_modules/react-native`)
  - React/RCTNetwork (from `../node_modules/react-native`)
  - React/RCTPushNotification (from `../node_modules/react-native`)
  - React/RCTSettings (from `../node_modules/react-native`)
  - React/RCTText (from `../node_modules/react-native`)
  - React/RCTVibration (from `../node_modules/react-native`)
  - React/RCTWebSocket (from `../node_modules/react-native`)
  - RNGL (from `../node_modules/gl-react-native`)
  - RNVectorIcons (from `../node_modules/react-native-vector-icons`)

EXTERNAL SOURCES:
  BVLinearGradient:
    :path: "../node_modules/react-native-linear-gradient"
  React:
    :path: "../node_modules/react-native"
  react-native-maps:
    :path: "../node_modules/react-native-maps"
  react-native-video:
    :path: "../node_modules/react-native-video"
  RNGL:
    :path: "../node_modules/gl-react-native"
  RNVectorIcons:
    :path: "../node_modules/react-native-vector-icons"

SPEC CHECKSUMS:
  BVLinearGradient: 939e6b5bb1e90abf70547ce83f952779c9762247
  React: 6dfb2f72edb1d74a800127ae157af038646673ce
  react-native-maps: 8b8cb04e5c6a1b3b0720bad64f3f5ce5c1f8ff22
  react-native-video: c3acf16d18ec19140e2d50a940aef3168b27ea76
  RNGL: e4388236a03d4b61a9044bc161841d9e65f711c7
  RNVectorIcons: 8e9308e458f5ccb843d1f11d4aa4ae6368c70214

PODFILE CHECKSUM: dd96aafc134c69d1358f82a65490a30ad87ceb54

COCOAPODS: 1.1.1
